Microsoft Visual Studio Solution File, Format Version 11.00
# Visual Studio 2008

Project("{7CC44F3C-47B8-C940-F634-96A966E00E3A}") = "Shippy", "Assembly-CSharp.csproj", "{3B37E391-2EDA-4367-7DFD-1876D1D42530}"
EndProject
Global
	GlobalSection(SolutionConfigurationPlatforms) = preSolution
		Debug|Any CPU = Debug|Any CPU
		Release|Any CPU = Release|Any CPU
	EndGlobalSection
	GlobalSection(ProjectConfigurationPlatforms) = postSolution
		{3B37E391-2EDA-4367-7DFD-1876D1D42530}.Debug|Any CPU.ActiveCfg = Debug|Any CPU
		{3B37E391-2EDA-4367-7DFD-1876D1D42530}.Debug|Any CPU.Build.0 = Debug|Any CPU
		{3B37E391-2EDA-4367-7DFD-1876D1D42530}.Release|Any CPU.ActiveCfg = Release|Any CPU
		{3B37E391-2EDA-4367-7DFD-1876D1D42530}.Release|Any CPU.Build.0 = Release|Any CPU
	EndGlobalSection
	GlobalSection(SolutionProperties) = preSolution
		HideSolutionNode = FALSE
	EndGlobalSection
																																																						GlobalSection(MonoDevelopProperties) = preSolution
		StartupItem = Assembly-CSharp.csproj
		Policies = $0
		$0.TextStylePolicy = $1
		$1.inheritsSet = null
		$1.scope = text/x-csharp
		$0.CSharpFormattingPolicy = $2
		$2.inheritsSet = Mono
		$2.inheritsScope = text/x-csharp
		$2.scope = text/x-csharp
		$0.TextStylePolicy = $3
		$3.FileWidth = 120
		$3.TabWidth = 4
		$3.EolMarker = Unix
		$3.inheritsSet = Mono
		$3.inheritsScope = text/plain
		$3.scope = text/plain
	EndGlobalSection

EndGlobal
